
Microsoft Visual Studio Solution File, Format Version 12.00
# Visual Studio Version 17
VisualStudioVersion = 17.2.32616.157
MinimumVisualStudioVersion = 10.0.40219.1
Project("{9A19103F-16F7-4668-BE54-9A1E7A4F7556}") = "BlazingTrails.Client", "BlazingTrails.Client\BlazingTrails.Client.csproj", "{9B8C60C1-F294-49C6-ADFA-07BF43DEC220}"
EndProject
Global
	GlobalSection(SolutionConfigurationPlatforms) = preSolution
		Debug|Any CPU = Debug|Any CPU
		Release|Any CPU = Release|Any CPU
	EndGlobalSection
	GlobalSection(ProjectConfigurationPlatforms) = postSolution
		{9B8C60C1-F294-49C6-ADFA-07BF43DEC220}.Debug|Any CPU.ActiveCfg = Debug|Any CPU
		{9B8C60C1-F294-49C6-ADFA-07BF43DEC220}.Debug|Any CPU.Build.0 = Debug|Any CPU
		{9B8C60C1-F294-49C6-ADFA-07BF43DEC220}.Release|Any CPU.ActiveCfg = Release|Any CPU
		{9B8C60C1-F294-49C6-ADFA-07BF43DEC220}.Release|Any CPU.Build.0 = Release|Any CPU
	EndGlobalSection
	GlobalSection(SolutionProperties) = preSolution
		HideSolutionNode = FALSE
	EndGlobalSection
	GlobalSection(ExtensibilityGlobals) = postSolution
		SolutionGuid = {62EFA96E-7BF5-4C3E-BCD5-405A576CA016}
	EndGlobalSection
EndGlobal
